
Microsoft Visual Studio Solution File, Format Version 12.00
# Visual Studio Version 17
VisualStudioVersion = 17.10.35122.118
MinimumVisualStudioVersion = 10.0.40219.1
Project("{9A19103F-16F7-4668-BE54-9A1E7A4F7556}") = "Ksu.Cis300.TaskScheduler", "Ksu.Cis300.TaskScheduler\Ksu.Cis300.TaskScheduler.csproj", "{965C3E8C-8695-4C27-AFA5-698D0BF409E4}"
EndProject
Project("{FAE04EC0-301F-11D3-BF4B-00C04F79EFBC}") = "Ksu.Cis300.TaskScheduler.Tests", "Ksu.Cis300.TaskScheduler.Tests\Ksu.Cis300.TaskScheduler.Tests.csproj", "{D05D8EEE-D935-4053-9C86-E90FEF17C636}"
EndProject
Global
	GlobalSection(SolutionConfigurationPlatforms) = preSolution
		Debug|Any CPU = Debug|Any CPU
		Release|Any CPU = Release|Any CPU
	EndGlobalSection
	GlobalSection(ProjectConfigurationPlatforms) = postSolution
		{965C3E8C-8695-4C27-AFA5-698D0BF409E4}.Debug|Any CPU.ActiveCfg = Debug|Any CPU
		{965C3E8C-8695-4C27-AFA5-698D0BF409E4}.Debug|Any CPU.Build.0 = Debug|Any CPU
		{965C3E8C-8695-4C27-AFA5-698D0BF409E4}.Release|Any CPU.ActiveCfg = Release|Any CPU
		{965C3E8C-8695-4C27-AFA5-698D0BF409E4}.Release|Any CPU.Build.0 = Release|Any CPU
		{D05D8EEE-D935-4053-9C86-E90FEF17C636}.Debug|Any CPU.ActiveCfg = Debug|Any CPU
		{D05D8EEE-D935-4053-9C86-E90FEF17C636}.Debug|Any CPU.Build.0 = Debug|Any CPU
		{D05D8EEE-D935-4053-9C86-E90FEF17C636}.Release|Any CPU.ActiveCfg = Release|Any CPU
		{D05D8EEE-D935-4053-9C86-E90FEF17C636}.Release|Any CPU.Build.0 = Release|Any CPU
	EndGlobalSection
	GlobalSection(SolutionProperties) = preSolution
		HideSolutionNode = FALSE
	EndGlobalSection
	GlobalSection(ExtensibilityGlobals) = postSolution
		SolutionGuid = {98E10BD8-128B-41AF-BE37-4988A511D75B}
	EndGlobalSection
EndGlobal
